// !$*UTF8*$!
{
	archiveVersion = 1;
	classes = {
	};
	objectVersion = 48;
	objects = {

/* Begin PBXBuildFile section */
		75AEA90221EE366C00AFA319 /* AppDelegate.swift in Sources */ = {isa = PBXBuildFile; fileRef = 75AEA90121EE366C00AFA319 /* AppDelegate.swift */; };
		75AEA90721EE366C00AFA319 /* Main.storyboard in Resources */ = {isa = PBXBuildFile; fileRef = 75AEA90521EE366C00AFA319 /* Main.storyboard */; };
		75AEA90921EE366C00AFA319 /* Assets.xcassets in Resources */ = {isa = PBXBuildFile; fileRef = 75AEA90821EE366C00AFA319 /* Assets.xcassets */; };
		75AEA90C21EE366C00AFA319 /* LaunchScreen.storyboard in Resources */ = {isa = PBXBuildFile; fileRef = 75AEA90A21EE366C00AFA319 /* LaunchScreen.storyboard */; };
		75AEA91721EE409300AFA319 /* SWRevealViewController.m in Sources */ = {isa = PBXBuildFile; fileRef = 75AEA91621EE409300AFA319 /* SWRevealViewController.m */; };
		75AEA91C21EE433F00AFA319 /* ChatVC.swift in Sources */ = {isa = PBXBuildFile; fileRef = 75AEA91B21EE433F00AFA319 /* ChatVC.swift */; };
		75AEA91E21EE434A00AFA319 /* ChannelVC.swift in Sources */ = {isa = PBXBuildFile; fileRef = 75AEA91D21EE434A00AFA319 /* ChannelVC.swift */; };
		75AEA92021EE5F9A00AFA319 /* GradientView.swift in Sources */ = {isa = PBXBuildFile; fileRef = 75AEA91F21EE5F9A00AFA319 /* GradientView.swift */; };
		75AEA92321EEDE9800AFA319 /* Constants.swift in Sources */ = {isa = PBXBuildFile; fileRef = 75AEA92221EEDE9800AFA319 /* Constants.swift */; };
		75AEA92521EEEBFF00AFA319 /* LoginVC.swift in Sources */ = {isa = PBXBuildFile; fileRef = 75AEA92421EEEBFF00AFA319 /* LoginVC.swift */; };
		75AEA92721EFCA3700AFA319 /* CreateAccountVC.swift in Sources */ = {isa = PBXBuildFile; fileRef = 75AEA92621EFCA3700AFA319 /* CreateAccountVC.swift */; };
		75AEA92A21F0391400AFA319 /* AuthService.swift in Sources */ = {isa = PBXBuildFile; fileRef = 75AEA92921F0391400AFA319 /* AuthService.swift */; };
		75DA370421F77A0F00974E74 /* AvatarPickerVC.swift in Sources */ = {isa = PBXBuildFile; fileRef = 75DA370321F77A0F00974E74 /* AvatarPickerVC.swift */; };
		75DA370621F77C4E00974E74 /* AvatarCell.swift in Sources */ = {isa = PBXBuildFile; fileRef = 75DA370521F77C4E00974E74 /* AvatarCell.swift */; };
		75DA37082200AB1B00974E74 /* CircleImage.swift in Sources */ = {isa = PBXBuildFile; fileRef = 75DA37072200AB1B00974E74 /* CircleImage.swift */; };
		75DB536122060125001CC08E /* MessageService.swift in Sources */ = {isa = PBXBuildFile; fileRef = 75DB536022060125001CC08E /* MessageService.swift */; };
		75DB53632206014B001CC08E /* Channel.swift in Sources */ = {isa = PBXBuildFile; fileRef = 75DB53622206014B001CC08E /* Channel.swift */; };
		75DB536522060710001CC08E /* ChannelCell.swift in Sources */ = {isa = PBXBuildFile; fileRef = 75DB536422060710001CC08E /* ChannelCell.swift */; };
		75F6A70721F171090069280C /* RoundedButton.swift in Sources */ = {isa = PBXBuildFile; fileRef = 75F6A70621F171090069280C /* RoundedButton.swift */; };
		75F6A70921F24CF70069280C /* UserDataService.swift in Sources */ = {isa = PBXBuildFile; fileRef = 75F6A70821F24CF70069280C /* UserDataService.swift */; };
		75F84C572204D35000B0CEEE /* ProfileVC.swift in Sources */ = {isa = PBXBuildFile; fileRef = 75F84C552204D35000B0CEEE /* ProfileVC.swift */; };
		75F84C582204D35000B0CEEE /* ProfileVC.xib in Resources */ = {isa = PBXBuildFile; fileRef = 75F84C562204D35000B0CEEE /* ProfileVC.xib */; };
		F38A0F7562AAE46466AA5152 /* Pods_Smack.framework in Frameworks */ = {isa = PBXBuildFile; fileRef = 3E08EA6CC3B4A144993A039A /* Pods_Smack.framework */; };
/* End PBXBuildFile section */

/* Begin PBXFileReference section */
		0489A10F28D1E0EF6E53A557 /* Pods-Smack.debug.xcconfig */ = {isa = PBXFileReference; includeInIndex = 1; lastKnownFileType = text.xcconfig; name = "Pods-Smack.debug.xcconfig"; path = "Pods/Target Support Files/Pods-Smack/Pods-Smack.debug.xcconfig"; sourceTree = "<group>"; };
		3E08EA6CC3B4A144993A039A /* Pods_Smack.framework */ = {isa = PBXFileReference; explicitFileType = wrapper.framework; includeInIndex = 0; path = Pods_Smack.framework; sourceTree = BUILT_PRODUCTS_DIR; };
		75AEA8FE21EE366C00AFA319 /* Smack.app */ = {isa = PBXFileReference; explicitFileType = wrapper.application; includeInIndex = 0; path = Smack.app; sourceTree = BUILT_PRODUCTS_DIR; };
		75AEA90121EE366C00AFA319 /* AppDelegate.swift */ = {isa = PBXFileReference; lastKnownFileType = sourcecode.swift; path = AppDelegate.swift; sourceTree = "<group>"; };
		75AEA90621EE366C00AFA319 /* Base */ = {isa = PBXFileReference; lastKnownFileType = file.storyboard; name = Base; path = Base.lproj/Main.storyboard; sourceTree = "<group>"; };
		75AEA90821EE366C00AFA319 /* Assets.xcassets */ = {isa = PBXFileReference; lastKnownFileType = folder.assetcatalog; path = Assets.xcassets; sourceTree = "<group>"; };
		75AEA90B21EE366C00AFA319 /* Base */ = {isa = PBXFileReference; lastKnownFileType = file.storyboard; name = Base; path = Base.lproj/LaunchScreen.storyboard; sourceTree = "<group>"; };
		75AEA90D21EE366C00AFA319 /* Info.plist */ = {isa = PBXFileReference; lastKnownFileType = text.plist.xml; path = Info.plist; sourceTree = "<group>"; };
		75AEA91421EE409200AFA319 /* Smack-Bridging-Header.h */ = {isa = PBXFileReference; lastKnownFileType = sourcecode.c.h; path = "Smack-Bridging-Header.h"; sourceTree = "<group>"; };
		75AEA91521EE409300AFA319 /* SWRevealViewController.h */ = {isa = PBXFileReference; fileEncoding = 4; lastKnownFileType = sourcecode.c.h; path = SWRevealViewController.h; sourceTree = "<group>"; };
		75AEA91621EE409300AFA319 /* SWRevealViewController.m */ = {isa = PBXFileReference; fileEncoding = 4; lastKnownFileType = sourcecode.c.objc; path = SWRevealViewController.m; sourceTree = "<group>"; };
		75AEA91B21EE433F00AFA319 /* ChatVC.swift */ = {isa = PBXFileReference; lastKnownFileType = sourcecode.swift; path = ChatVC.swift; sourceTree = "<group>"; };
		75AEA91D21EE434A00AFA319 /* ChannelVC.swift */ = {isa = PBXFileReference; lastKnownFileType = sourcecode.swift; path = ChannelVC.swift; sourceTree = "<group>"; };
		75AEA91F21EE5F9A00AFA319 /* GradientView.swift */ = {isa = PBXFileReference; lastKnownFileType = sourcecode.swift; path = GradientView.swift; sourceTree = "<group>"; };
		75AEA92221EEDE9800AFA319 /* Constants.swift */ = {isa = PBXFileReference; lastKnownFileType = sourcecode.swift; path = Constants.swift; sourceTree = "<group>"; };
		75AEA92421EEEBFF00AFA319 /* LoginVC.swift */ = {isa = PBXFileReference; lastKnownFileType = sourcecode.swift; path = LoginVC.swift; sourceTree = "<group>"; };
		75AEA92621EFCA3700AFA319 /* CreateAccountVC.swift */ = {isa = PBXFileReference; lastKnownFileType = sourcecode.swift; path = CreateAccountVC.swift; sourceTree = "<group>"; };
		75AEA92921F0391400AFA319 /* AuthService.swift */ = {isa = PBXFileReference; lastKnownFileType = sourcecode.swift; path = AuthService.swift; sourceTree = "<group>"; };
		75DA370321F77A0F00974E74 /* AvatarPickerVC.swift */ = {isa = PBXFileReference; lastKnownFileType = sourcecode.swift; path = AvatarPickerVC.swift; sourceTree = "<group>"; };
		75DA370521F77C4E00974E74 /* AvatarCell.swift */ = {isa = PBXFileReference; lastKnownFileType = sourcecode.swift; path = AvatarCell.swift; sourceTree = "<group>"; };
		75DA37072200AB1B00974E74 /* CircleImage.swift */ = {isa = PBXFileReference; lastKnownFileType = sourcecode.swift; path = CircleImage.swift; sourceTree = "<group>"; };
		75DB536022060125001CC08E /* MessageService.swift */ = {isa = PBXFileReference; lastKnownFileType = sourcecode.swift; path = MessageService.swift; sourceTree = "<group>"; };
		75DB53622206014B001CC08E /* Channel.swift */ = {isa = PBXFileReference; lastKnownFileType = sourcecode.swift; path = Channel.swift; sourceTree = "<group>"; };
		75DB536422060710001CC08E /* ChannelCell.swift */ = {isa = PBXFileReference; lastKnownFileType = sourcecode.swift; path = ChannelCell.swift; sourceTree = "<group>"; };
		75F6A70621F171090069280C /* RoundedButton.swift */ = {isa = PBXFileReference; lastKnownFileType = sourcecode.swift; path = RoundedButton.swift; sourceTree = "<group>"; };
		75F6A70821F24CF70069280C /* UserDataService.swift */ = {isa = PBXFileReference; lastKnownFileType = sourcecode.swift; path = UserDataService.swift; sourceTree = "<group>"; };
		75F84C552204D35000B0CEEE /* ProfileVC.swift */ = {isa = PBXFileReference; lastKnownFileType = sourcecode.swift; path = ProfileVC.swift; sourceTree = "<group>"; };
		75F84C562204D35000B0CEEE /* ProfileVC.xib */ = {isa = PBXFileReference; lastKnownFileType = file.xib; path = ProfileVC.xib; sourceTree = "<group>"; };
		B4CDD93602D7554460E1E314 /* Pods-Smack.release.xcconfig */ = {isa = PBXFileReference; includeInIndex = 1; lastKnownFileType = text.xcconfig; name = "Pods-Smack.release.xcconfig"; path = "Pods/Target Support Files/Pods-Smack/Pods-Smack.release.xcconfig"; sourceTree = "<group>"; };
/* End PBXFileReference section */

/* Begin PBXFrameworksBuildPhase section */
		75AEA8FB21EE366C00AFA319 /* Frameworks */ = {
			isa = PBXFrameworksBuildPhase;
			buildActionMask = 2147483647;
			files = (
				F38A0F7562AAE46466AA5152 /* Pods_Smack.framework in Frameworks */,
			);
			runOnlyForDeploymentPostprocessing = 0;
		};
/* End PBXFrameworksBuildPhase section */

/* Begin PBXGroup section */
		155BC5411304AE2221D4785C /* Frameworks */ = {
			isa = PBXGroup;
			children = (
				3E08EA6CC3B4A144993A039A /* Pods_Smack.framework */,
			);
			name = Frameworks;
			sourceTree = "<group>";
		};
		75AEA8F521EE366C00AFA319 = {
			isa = PBXGroup;
			children = (
				75AEA90021EE366C00AFA319 /* Smack */,
				75AEA8FF21EE366C00AFA319 /* Products */,
				920ABA58A013B47BCAE589F9 /* Pods */,
				155BC5411304AE2221D4785C /* Frameworks */,
			);
			sourceTree = "<group>";
		};
		75AEA8FF21EE366C00AFA319 /* Products */ = {
			isa = PBXGroup;
			children = (
				75AEA8FE21EE366C00AFA319 /* Smack.app */,
			);
			name = Products;
			sourceTree = "<group>";
		};
		75AEA90021EE366C00AFA319 /* Smack */ = {
			isa = PBXGroup;
			children = (
				75F84C592204D36D00B0CEEE /* XIBs */,
				75AEA92821F0390000AFA319 /* Services */,
				75AEA92121EEDE8500AFA319 /* Utilities */,
				75AEA91A21EE432400AFA319 /* Model */,
				75AEA91921EE431E00AFA319 /* View */,
				75AEA91821EE430C00AFA319 /* Controller */,
				75AEA91321EE407000AFA319 /* Supporting Files */,
				75AEA90121EE366C00AFA319 /* AppDelegate.swift */,
				75AEA90521EE366C00AFA319 /* Main.storyboard */,
				75AEA90821EE366C00AFA319 /* Assets.xcassets */,
				75AEA90A21EE366C00AFA319 /* LaunchScreen.storyboard */,
				75AEA90D21EE366C00AFA319 /* Info.plist */,
			);
			path = Smack;
			sourceTree = "<group>";
		};
		75AEA91321EE407000AFA319 /* Supporting Files */ = {
			isa = PBXGroup;
			children = (
				75AEA91521EE409300AFA319 /* SWRevealViewController.h */,
				75AEA91621EE409300AFA319 /* SWRevealViewController.m */,
				75AEA91421EE409200AFA319 /* Smack-Bridging-Header.h */,
			);
			path = "Supporting Files";
			sourceTree = "<group>";
		};
		75AEA91821EE430C00AFA319 /* Controller */ = {
			isa = PBXGroup;
			children = (
				75AEA91B21EE433F00AFA319 /* ChatVC.swift */,
				75AEA91D21EE434A00AFA319 /* ChannelVC.swift */,
				75AEA92421EEEBFF00AFA319 /* LoginVC.swift */,
				75AEA92621EFCA3700AFA319 /* CreateAccountVC.swift */,
				75DA370321F77A0F00974E74 /* AvatarPickerVC.swift */,
				75F84C552204D35000B0CEEE /* ProfileVC.swift */,
			);
			path = Controller;
			sourceTree = "<group>";
		};
		75AEA91921EE431E00AFA319 /* View */ = {
			isa = PBXGroup;
			children = (
				75AEA91F21EE5F9A00AFA319 /* GradientView.swift */,
				75F6A70621F171090069280C /* RoundedButton.swift */,
				75DA370521F77C4E00974E74 /* AvatarCell.swift */,
				75DA37072200AB1B00974E74 /* CircleImage.swift */,
				75DB536422060710001CC08E /* ChannelCell.swift */,
			);
			path = View;
			sourceTree = "<group>";
		};
		75AEA91A21EE432400AFA319 /* Model */ = {
			isa = PBXGroup;
			children = (
				75DB53622206014B001CC08E /* Channel.swift */,
			);
			path = Model;
			sourceTree = "<group>";
		};
		75AEA92121EEDE8500AFA319 /* Utilities */ = {
			isa = PBXGroup;
			children = (
				75AEA92221EEDE9800AFA319 /* Constants.swift */,
			);
			path = Utilities;
			sourceTree = "<group>";
		};
		75AEA92821F0390000AFA319 /* Services */ = {
			isa = PBXGroup;
			children = (
				75AEA92921F0391400AFA319 /* AuthService.swift */,
				75F6A70821F24CF70069280C /* UserDataService.swift */,
				75DB536022060125001CC08E /* MessageService.swift */,
			);
			path = Services;
			sourceTree = "<group>";
		};
		75F84C592204D36D00B0CEEE /* XIBs */ = {
			isa = PBXGroup;
			children = (
				75F84C562204D35000B0CEEE /* ProfileVC.xib */,
			);
			path = XIBs;
			sourceTree = "<group>";
		};
		920ABA58A013B47BCAE589F9 /* Pods */ = {
			isa = PBXGroup;
			children = (
				0489A10F28D1E0EF6E53A557 /* Pods-Smack.debug.xcconfig */,
				B4CDD93602D7554460E1E314 /* Pods-Smack.release.xcconfig */,
			);
			name = Pods;
			sourceTree = "<group>";
		};
/* End PBXGroup section */

/* Begin PBXNativeTarget section */
		75AEA8FD21EE366C00AFA319 /* Smack */ = {
			isa = PBXNativeTarget;
			buildConfigurationList = 75AEA91021EE366C00AFA319 /* Build configuration list for PBXNativeTarget "Smack" */;
			buildPhases = (
				0347C81D2FFA78BCE8959A39 /* [CP] Check Pods Manifest.lock */,
				75AEA8FA21EE366C00AFA319 /* Sources */,
				75AEA8FB21EE366C00AFA319 /* Frameworks */,
				75AEA8FC21EE366C00AFA319 /* Resources */,
				BD531545AA77E963CA470C28 /* [CP] Embed Pods Frameworks */,
			);
			buildRules = (
			);
			dependencies = (
			);
			name = Smack;
			productName = Smack;
			productReference = 75AEA8FE21EE366C00AFA319 /* Smack.app */;
			productType = "com.apple.product-type.application";
		};
/* End PBXNativeTarget section */

/* Begin PBXProject section */
		75AEA8F621EE366C00AFA319 /* Project object */ = {
			isa = PBXProject;
			attributes = {
				LastSwiftUpdateCheck = 0920;
				LastUpgradeCheck = 0920;
				ORGANIZATIONNAME = "Jon Huynh";
				TargetAttributes = {
					75AEA8FD21EE366C00AFA319 = {
						CreatedOnToolsVersion = 9.2;
						LastSwiftMigration = 0920;
						ProvisioningStyle = Automatic;
					};
				};
			};
			buildConfigurationList = 75AEA8F921EE366C00AFA319 /* Build configuration list for PBXProject "Smack" */;
			compatibilityVersion = "Xcode 8.0";
			developmentRegion = en;
			hasScannedForEncodings = 0;
			knownRegions = (
				en,
				Base,
			);
			mainGroup = 75AEA8F521EE366C00AFA319;
			productRefGroup = 75AEA8FF21EE366C00AFA319 /* Products */;
			projectDirPath = "";
			projectRoot = "";
			targets = (
				75AEA8FD21EE366C00AFA319 /* Smack */,
			);
		};
/* End PBXProject section */

/* Begin PBXResourcesBuildPhase section */
		75AEA8FC21EE366C00AFA319 /* Resources */ = {
			isa = PBXResourcesBuildPhase;
			buildActionMask = 2147483647;
			files = (
				75F84C582204D35000B0CEEE /* ProfileVC.xib in Resources */,
				75AEA90C21EE366C00AFA319 /* LaunchScreen.storyboard in Resources */,
				75AEA90921EE366C00AFA319 /* Assets.xcassets in Resources */,
				75AEA90721EE366C00AFA319 /* Main.storyboard in Resources */,
			);
			runOnlyForDeploymentPostprocessing = 0;
		};
/* End PBXResourcesBuildPhase section */

/* Begin PBXShellScriptBuildPhase section */
		0347C81D2FFA78BCE8959A39 /* [CP] Check Pods Manifest.lock */ = {
			isa = PBXShellScriptBuildPhase;
			buildActionMask = 2147483647;
			files = (
			);
			inputPaths = (
				"${PODS_PODFILE_DIR_PATH}/Podfile.lock",
				"${PODS_ROOT}/Manifest.lock",
			);
			name = "[CP] Check Pods Manifest.lock";
			outputPaths = (
				"$(DERIVED_FILE_DIR)/Pods-Smack-checkManifestLockResult.txt",
			);
			runOnlyForDeploymentPostprocessing = 0;
			shellPath = /bin/sh;
			shellScript = "diff \"${PODS_PODFILE_DIR_PATH}/Podfile.lock\" \"${PODS_ROOT}/Manifest.lock\" > /dev/null\nif [ $? != 0 ] ; then\n    # print error to STDERR\n    echo \"error: The sandbox is not in sync with the Podfile.lock. Run 'pod install' or update your CocoaPods installation.\" >&2\n    exit 1\nfi\n# This output is used by Xcode 'outputs' to avoid re-running this script phase.\necho \"SUCCESS\" > \"${SCRIPT_OUTPUT_FILE_0}\"\n";
			showEnvVarsInLog = 0;
		};
		BD531545AA77E963CA470C28 /* [CP] Embed Pods Frameworks */ = {
			isa = PBXShellScriptBuildPhase;
			buildActionMask = 2147483647;
			files = (
			);
			inputPaths = (
				"${SRCROOT}/Pods/Target Support Files/Pods-Smack/Pods-Smack-frameworks.sh",
				"${BUILT_PRODUCTS_DIR}/Alamofire/Alamofire.framework",
				"${BUILT_PRODUCTS_DIR}/Socket.IO-Client-Swift/SocketIO.framework",
				"${BUILT_PRODUCTS_DIR}/Starscream/Starscream.framework",
				"${BUILT_PRODUCTS_DIR}/SwiftyJSON/SwiftyJSON.framework",
			);
			name = "[CP] Embed Pods Frameworks";
			outputPaths = (
				"${TARGET_BUILD_DIR}/${FRAMEWORKS_FOLDER_PATH}/Alamofire.framework",
				"${TARGET_BUILD_DIR}/${FRAMEWORKS_FOLDER_PATH}/SocketIO.framework",
				"${TARGET_BUILD_DIR}/${FRAMEWORKS_FOLDER_PATH}/Starscream.framework",
				"${TARGET_BUILD_DIR}/${FRAMEWORKS_FOLDER_PATH}/SwiftyJSON.framework",
			);
			runOnlyForDeploymentPostprocessing = 0;
			shellPath = /bin/sh;
			shellScript = "\"${SRCROOT}/Pods/Target Support Files/Pods-Smack/Pods-Smack-frameworks.sh\"\n";
			showEnvVarsInLog = 0;
		};
/* End PBXShellScriptBuildPhase section */

/* Begin PBXSourcesBuildPhase section */
		75AEA8FA21EE366C00AFA319 /* Sources */ = {
			isa = PBXSourcesBuildPhase;
			buildActionMask = 2147483647;
			files = (
				75F84C572204D35000B0CEEE /* ProfileVC.swift in Sources */,
				75DB536522060710001CC08E /* ChannelCell.swift in Sources */,
				75AEA91E21EE434A00AFA319 /* ChannelVC.swift in Sources */,
				75DA370421F77A0F00974E74 /* AvatarPickerVC.swift in Sources */,
				75F6A70721F171090069280C /* RoundedButton.swift in Sources */,
				75DB53632206014B001CC08E /* Channel.swift in Sources */,
				75DA37082200AB1B00974E74 /* CircleImage.swift in Sources */,
				75DB536122060125001CC08E /* MessageService.swift in Sources */,
				75AEA91C21EE433F00AFA319 /* ChatVC.swift in Sources */,
				75F6A70921F24CF70069280C /* UserDataService.swift in Sources */,
				75AEA92721EFCA3700AFA319 /* CreateAccountVC.swift in Sources */,
				75AEA92A21F0391400AFA319 /* AuthService.swift in Sources */,
				75AEA92521EEEBFF00AFA319 /* LoginVC.swift in Sources */,
				75AEA92021EE5F9A00AFA319 /* GradientView.swift in Sources */,
				75DA370621F77C4E00974E74 /* AvatarCell.swift in Sources */,
				75AEA90221EE366C00AFA319 /* AppDelegate.swift in Sources */,
				75AEA91721EE409300AFA319 /* SWRevealViewController.m in Sources */,
				75AEA92321EEDE9800AFA319 /* Constants.swift in Sources */,
			);
			runOnlyForDeploymentPostprocessing = 0;
		};
/* End PBXSourcesBuildPhase section */

/* Begin PBXVariantGroup section */
		75AEA90521EE366C00AFA319 /* Main.storyboard */ = {
			isa = PBXVariantGroup;
			children = (
				75AEA90621EE366C00AFA319 /* Base */,
			);
			name = Main.storyboard;
			sourceTree = "<group>";
		};
		75AEA90A21EE366C00AFA319 /* LaunchScreen.storyboard */ = {
			isa = PBXVariantGroup;
			children = (
				75AEA90B21EE366C00AFA319 /* Base */,
			);
			name = LaunchScreen.storyboard;
			sourceTree = "<group>";
		};
/* End PBXVariantGroup section */

/* Begin XCBuildConfiguration section */
		75AEA90E21EE366C00AFA319 /* Debug */ = {
			isa = XCBuildConfiguration;
			buildSettings = {
				ALWAYS_SEARCH_USER_PATHS = NO;
				CLANG_ANALYZER_NONNULL = YES;
				CLANG_ANALYZER_NUMBER_OBJECT_CONVERSION = YES_AGGRESSIVE;
				CLANG_CXX_LANGUAGE_STANDARD = "gnu++14";
				CLANG_CXX_LIBRARY = "libc++";
				CLANG_ENABLE_MODULES = YES;
				CLANG_ENABLE_OBJC_ARC = YES;
				CLANG_WARN_BLOCK_CAPTURE_AUTORELEASING = YES;
				CLANG_WARN_BOOL_CONVERSION = YES;
				CLANG_WARN_COMMA = YES;
				CLANG_WARN_CONSTANT_CONVERSION = YES;
				CLANG_WARN_DIRECT_OBJC_ISA_USAGE = YES_ERROR;
				CLANG_WARN_DOCUMENTATION_COMMENTS = YES;
				CLANG_WARN_EMPTY_BODY = YES;
				CLANG_WARN_ENUM_CONVERSION = YES;
				CLANG_WARN_INFINITE_RECURSION = YES;
				CLANG_WARN_INT_CONVERSION = YES;
				CLANG_WARN_NON_LITERAL_NULL_CONVERSION = YES;
				CLANG_WARN_OBJC_LITERAL_CONVERSION = YES;
				CLANG_WARN_OBJC_ROOT_CLASS = YES_ERROR;
				CLANG_WARN_RANGE_LOOP_ANALYSIS = YES;
				CLANG_WARN_STRICT_PROTOTYPES = YES;
				CLANG_WARN_SUSPICIOUS_MOVE = YES;
				CLANG_WARN_UNGUARDED_AVAILABILITY = YES_AGGRESSIVE;
				CLANG_WARN_UNREACHABLE_CODE = YES;
				CLANG_WARN__DUPLICATE_METHOD_MATCH = YES;
				CODE_SIGN_IDENTITY = "iPhone Developer";
				COPY_PHASE_STRIP = NO;
				DEBUG_INFORMATION_FORMAT = dwarf;
				ENABLE_STRICT_OBJC_MSGSEND = YES;
				ENABLE_TESTABILITY = YES;
				GCC_C_LANGUAGE_STANDARD = gnu11;
				GCC_DYNAMIC_NO_PIC = NO;
				GCC_NO_COMMON_BLOCKS = YES;
				GCC_OPTIMIZATION_LEVEL = 0;
				GCC_PREPROCESSOR_DEFINITIONS = (
					"DEBUG=1",
					"$(inherited)",
				);
				GCC_WARN_64_TO_32_BIT_CONVERSION = YES;
				GCC_WARN_ABOUT_RETURN_TYPE = YES_ERROR;
				GCC_WARN_UNDECLARED_SELECTOR = YES;
				GCC_WARN_UNINITIALIZED_AUTOS = YES_AGGRESSIVE;
				GCC_WARN_UNUSED_FUNCTION = YES;
				GCC_WARN_UNUSED_VARIABLE = YES;
				IPHONEOS_DEPLOYMENT_TARGET = 11.2;
				MTL_ENABLE_DEBUG_INFO = YES;
				ONLY_ACTIVE_ARCH = YES;
				SDKROOT = iphoneos;
				SWIFT_ACTIVE_COMPILATION_CONDITIONS = DEBUG;
				SWIFT_OPTIMIZATION_LEVEL = "-Onone";
			};
			name = Debug;
		};
		75AEA90F21EE366C00AFA319 /* Release */ = {
			isa = XCBuildConfiguration;
			buildSettings = {
				ALWAYS_SEARCH_USER_PATHS = NO;
				CLANG_ANALYZER_NONNULL = YES;
				CLANG_ANALYZER_NUMBER_OBJECT_CONVERSION = YES_AGGRESSIVE;
				CLANG_CXX_LANGUAGE_STANDARD = "gnu++14";
				CLANG_CXX_LIBRARY = "libc++";
				CLANG_ENABLE_MODULES = YES;
				CLANG_ENABLE_OBJC_ARC = YES;
				CLANG_WARN_BLOCK_CAPTURE_AUTORELEASING = YES;
				CLANG_WARN_BOOL_CONVERSION = YES;
				CLANG_WARN_COMMA = YES;
				CLANG_WARN_CONSTANT_CONVERSION = YES;
				CLANG_WARN_DIRECT_OBJC_ISA_USAGE = YES_ERROR;
				CLANG_WARN_DOCUMENTATION_COMMENTS = YES;
				CLANG_WARN_EMPTY_BODY = YES;
				CLANG_WARN_ENUM_CONVERSION = YES;
				CLANG_WARN_INFINITE_RECURSION = YES;
				CLANG_WARN_INT_CONVERSION = YES;
				CLANG_WARN_NON_LITERAL_NULL_CONVERSION = YES;
				CLANG_WARN_OBJC_LITERAL_CONVERSION = YES;
				CLANG_WARN_OBJC_ROOT_CLASS = YES_ERROR;
				CLANG_WARN_RANGE_LOOP_ANALYSIS = YES;
				CLANG_WARN_STRICT_PROTOTYPES = YES;
				CLANG_WARN_SUSPICIOUS_MOVE = YES;
				CLANG_WARN_UNGUARDED_AVAILABILITY = YES_AGGRESSIVE;
				CLANG_WARN_UNREACHABLE_CODE = YES;
				CLANG_WARN__DUPLICATE_METHOD_MATCH = YES;
				CODE_SIGN_IDENTITY = "iPhone Developer";
				COPY_PHASE_STRIP = NO;
				DEBUG_INFORMATION_FORMAT = "dwarf-with-dsym";
				ENABLE_NS_ASSERTIONS = NO;
				ENABLE_STRICT_OBJC_MSGSEND = YES;
				GCC_C_LANGUAGE_STANDARD = gnu11;
				GCC_NO_COMMON_BLOCKS = YES;
				GCC_WARN_64_TO_32_BIT_CONVERSION = YES;
				GCC_WARN_ABOUT_RETURN_TYPE = YES_ERROR;
				GCC_WARN_UNDECLARED_SELECTOR = YES;
				GCC_WARN_UNINITIALIZED_AUTOS = YES_AGGRESSIVE;
				GCC_WARN_UNUSED_FUNCTION = YES;
				GCC_WARN_UNUSED_VARIABLE = YES;
				IPHONEOS_DEPLOYMENT_TARGET = 11.2;
				MTL_ENABLE_DEBUG_INFO = NO;
				SDKROOT = iphoneos;
				SWIFT_OPTIMIZATION_LEVEL = "-Owholemodule";
				VALIDATE_PRODUCT = YES;
			};
			name = Release;
		};
		75AEA91121EE366C00AFA319 /* Debug */ = {
			isa = XCBuildConfiguration;
			baseConfigurationReference = 0489A10F28D1E0EF6E53A557 /* Pods-Smack.debug.xcconfig */;
			buildSettings = {
				ASSETCATALOG_COMPILER_APPICON_NAME = AppIcon;
				CLANG_ENABLE_MODULES = YES;
				CODE_SIGN_STYLE = Automatic;
				DEVELOPMENT_TEAM = QX2D2EX354;
				INFOPLIST_FILE = Smack/Info.plist;
				LD_RUNPATH_SEARCH_PATHS = "$(inherited) @executable_path/Frameworks";
				PRODUCT_BUNDLE_IDENTIFIER = jonhuynh.Smack;
				PRODUCT_NAME = "$(TARGET_NAME)";
				SWIFT_OBJC_BRIDGING_HEADER = "Smack/Supporting Files/Smack-Bridging-Header.h";
				SWIFT_OPTIMIZATION_LEVEL = "-Onone";
				SWIFT_VERSION = 4.0;
				TARGETED_DEVICE_FAMILY = "1,2";
			};
			name = Debug;
		};
		75AEA91221EE366C00AFA319 /* Release */ = {
			isa = XCBuildConfiguration;
			baseConfigurationReference = B4CDD93602D7554460E1E314 /* Pods-Smack.release.xcconfig */;
			buildSettings = {
				ASSETCATALOG_COMPILER_APPICON_NAME = AppIcon;
				CLANG_ENABLE_MODULES = YES;
				CODE_SIGN_STYLE = Automatic;
				DEVELOPMENT_TEAM = QX2D2EX354;
				INFOPLIST_FILE = Smack/Info.plist;
				LD_RUNPATH_SEARCH_PATHS = "$(inherited) @executable_path/Frameworks";
				PRODUCT_BUNDLE_IDENTIFIER = jonhuynh.Smack;
				PRODUCT_NAME = "$(TARGET_NAME)";
				SWIFT_OBJC_BRIDGING_HEADER = "Smack/Supporting Files/Smack-Bridging-Header.h";
				SWIFT_VERSION = 4.0;
				TARGETED_DEVICE_FAMILY = "1,2";
			};
			name = Release;
		};
/* End XCBuildConfiguration section */

/* Begin XCConfigurationList section */
		75AEA8F921EE366C00AFA319 /* Build configuration list for PBXProject "Smack" */ = {
			isa = XCConfigurationList;
			buildConfigurations = (
				75AEA90E21EE366C00AFA319 /* Debug */,
				75AEA90F21EE366C00AFA319 /* Release */,
			);
			defaultConfigurationIsVisible = 0;
			defaultConfigurationName = Release;
		};
		75AEA91021EE366C00AFA319 /* Build configuration list for PBXNativeTarget "Smack" */ = {
			isa = XCConfigurationList;
			buildConfigurations = (
				75AEA91121EE366C00AFA319 /* Debug */,
				75AEA91221EE366C00AFA319 /* Release */,
			);
			defaultConfigurationIsVisible = 0;
			defaultConfigurationName = Release;
		};
/* End XCConfigurationList section */
	};
	rootObject = 75AEA8F621EE366C00AFA319 /* Project object */;
}
